
Microsoft Visual Studio Solution File, Format Version 12.00
# Visual Studio Version 17
VisualStudioVersion = 17.10.35013.160
MinimumVisualStudioVersion = 10.0.40219.1
Project("{9A19103F-16F7-4668-BE54-9A1E7A4F7556}") = "ConsoleApp1", "ConsoleApp1.csproj", "{30331DDD-F065-45CB-AEC4-62889CAB57EC}"
EndProject
Project("{FAE04EC0-301F-11D3-BF4B-00C04F79EFBC}") = "ConsoleApp3", "..\ConsoleApp3\ConsoleApp3.csproj", "{8B8F0819-8DD7-4F61-A7BF-408D579DBD57}"
EndProject
Global
	GlobalSection(SolutionConfigurationPlatforms) = preSolution
		Debug|Any CPU = Debug|Any CPU
		Release|Any CPU = Release|Any CPU
	EndGlobalSection
	GlobalSection(ProjectConfigurationPlatforms) = postSolution
		{30331DDD-F065-45CB-AEC4-62889CAB57EC}.Debug|Any CPU.ActiveCfg = Debug|Any CPU
		{30331DDD-F065-45CB-AEC4-62889CAB57EC}.Debug|Any CPU.Build.0 = Debug|Any CPU
		{30331DDD-F065-45CB-AEC4-62889CAB57EC}.Release|Any CPU.ActiveCfg = Release|Any CPU
		{30331DDD-F065-45CB-AEC4-62889CAB57EC}.Release|Any CPU.Build.0 = Release|Any CPU
		{8B8F0819-8DD7-4F61-A7BF-408D579DBD57}.Debug|Any CPU.ActiveCfg = Debug|Any CPU
		{8B8F0819-8DD7-4F61-A7BF-408D579DBD57}.Debug|Any CPU.Build.0 = Debug|Any CPU
		{8B8F0819-8DD7-4F61-A7BF-408D579DBD57}.Release|Any CPU.ActiveCfg = Release|Any CPU
		{8B8F0819-8DD7-4F61-A7BF-408D579DBD57}.Release|Any CPU.Build.0 = Release|Any CPU
	EndGlobalSection
	GlobalSection(SolutionProperties) = preSolution
		HideSolutionNode = FALSE
	EndGlobalSection
	GlobalSection(ExtensibilityGlobals) = postSolution
		SolutionGuid = {D3928268-1299-435E-879F-998E9F9F4C71}
	EndGlobalSection
EndGlobal
